lock:
  endpoint: 'padec.application.HistoryEndpoint'
  accesslevels:
    - accesslevel:
        position: 0
        filter:
          technique: 'padec.filtering.techniques.NoFilter'
        rule:
          type: 'Dual'
          attribute: 'padec.attribute.Location'
          values:
            - 500.0
          combinator: 'padec.rule.operator.RangeOperatorNative'
          operator: 'padec.rule.operator.LessThanOperator'