lock:
  endpoint: 'padec.application.HistoryEndpoint'
  accesslevels:
    - accesslevel:
        position: 0
        filter:
          technique: 'padec.filtering.techniques.NoFilter'
        rule:
          type: 'Dual'
          attribute: 'padec.attribute.Identity'
          values: []
          combinator: 'padec.rule.operator.rbac.RoleOperator'
          operator: 'padec.rule.operator.InOperator'
    - accesslevel:
        position: 1
        filter:
          technique: 'padec.filtering.techniques.NoFilter'
        rule:
          type: 'Dual'
          attribute: 'padec.attribute.Identity'
          values:
            - 'Friend'
          combinator: 'padec.rule.operator.rbac.RoleOperator'
          operator: 'padec.rule.operator.InOperator'