lock:
  endpoint: 'padec.application.HistoryEndpoint'
  conparams:
    - type: 'java.lang.String'
      value: 'padec_history/Histo1.json'
  accesslevels:
    - accesslevel:
        position: 0
        filter:
          technique: 'padec.filtering.techniques.HistoryFuzzy'
          params:
            times: 3
            before: '2020-03-01'
            after: '2020-01-01'
        rule:
          type: 'Dual'
          attribute: 'padec.attribute.Identity'
          values: []
          combinator: 'padec.rule.operator.rbac.RoleOperator'
          operator: 'padec.rule.operator.InOperator'